
Microsoft Visual Studio Solution File, Format Version 12.00
# Visual Studio Version 17
VisualStudioVersion = 17.3.32901.215
MinimumVisualStudioVersion = 10.0.40219.1
Project("{FAE04EC0-301F-11D3-BF4B-00C04F79EFBC}") = "TicTacToe_Server", "TicTacToe_Server\TicTacToe_Server.csproj", "{CA3DCD5C-70FE-41B7-A4BF-AFDA4C3FE0BA}"
EndProject
Global
	GlobalSection(SolutionConfigurationPlatforms) = preSolution
		Debug|Any CPU = Debug|Any CPU
		Release|Any CPU = Release|Any CPU
	EndGlobalSection
	GlobalSection(ProjectConfigurationPlatforms) = postSolution
		{CA3DCD5C-70FE-41B7-A4BF-AFDA4C3FE0BA}.Debug|Any CPU.ActiveCfg = Debug|Any CPU
		{CA3DCD5C-70FE-41B7-A4BF-AFDA4C3FE0BA}.Debug|Any CPU.Build.0 = Debug|Any CPU
		{CA3DCD5C-70FE-41B7-A4BF-AFDA4C3FE0BA}.Release|Any CPU.ActiveCfg = Release|Any CPU
		{CA3DCD5C-70FE-41B7-A4BF-AFDA4C3FE0BA}.Release|Any CPU.Build.0 = Release|Any CPU
	EndGlobalSection
	GlobalSection(SolutionProperties) = preSolution
		HideSolutionNode = FALSE
	EndGlobalSection
	GlobalSection(ExtensibilityGlobals) = postSolution
		SolutionGuid = {A6279524-0627-4582-B521-099E57278C5F}
	EndGlobalSection
EndGlobal
