
Microsoft Visual Studio Solution File, Format Version 12.00
# Visual Studio Version 17
VisualStudioVersion = 17.3.32901.215
MinimumVisualStudioVersion = 10.0.40219.1
Project("{FAE04EC0-301F-11D3-BF4B-00C04F79EFBC}") = "TicTacToe_Client", "TicTacToe_Client\TicTacToe_Client.csproj", "{2C03F6D8-1892-44AE-AE10-7178F7969664}"
EndProject
Global
	GlobalSection(SolutionConfigurationPlatforms) = preSolution
		Debug|Any CPU = Debug|Any CPU
		Release|Any CPU = Release|Any CPU
	EndGlobalSection
	GlobalSection(ProjectConfigurationPlatforms) = postSolution
		{2C03F6D8-1892-44AE-AE10-7178F7969664}.Debug|Any CPU.ActiveCfg = Debug|Any CPU
		{2C03F6D8-1892-44AE-AE10-7178F7969664}.Debug|Any CPU.Build.0 = Debug|Any CPU
		{2C03F6D8-1892-44AE-AE10-7178F7969664}.Release|Any CPU.ActiveCfg = Release|Any CPU
		{2C03F6D8-1892-44AE-AE10-7178F7969664}.Release|Any CPU.Build.0 = Release|Any CPU
	EndGlobalSection
	GlobalSection(SolutionProperties) = preSolution
		HideSolutionNode = FALSE
	EndGlobalSection
	GlobalSection(ExtensibilityGlobals) = postSolution
		SolutionGuid = {C52CB393-6508-4568-A834-10AF3E97C244}
	EndGlobalSection
EndGlobal
